
Microsoft Visual Studio Solution File, Format Version 12.00
# Visual Studio Version 17
VisualStudioVersion = 17.4.33213.308
MinimumVisualStudioVersion = 10.0.40219.1
Project("{FAE04EC0-301F-11D3-BF4B-00C04F79EFBC}") = "ROMB", "ROMB\ROMB.csproj", "{395A7E77-F629-4445-A295-8EA96C120AA9}"
EndProject
Global
	GlobalSection(SolutionConfigurationPlatforms) = preSolution
		Debug|Any CPU = Debug|Any CPU
		Release|Any CPU = Release|Any CPU
	EndGlobalSection
	GlobalSection(ProjectConfigurationPlatforms) = postSolution
		{395A7E77-F629-4445-A295-8EA96C120AA9}.Debug|Any CPU.ActiveCfg = Debug|Any CPU
		{395A7E77-F629-4445-A295-8EA96C120AA9}.Debug|Any CPU.Build.0 = Debug|Any CPU
		{395A7E77-F629-4445-A295-8EA96C120AA9}.Release|Any CPU.ActiveCfg = Release|Any CPU
		{395A7E77-F629-4445-A295-8EA96C120AA9}.Release|Any CPU.Build.0 = Release|Any CPU
	EndGlobalSection
	GlobalSection(SolutionProperties) = preSolution
		HideSolutionNode = FALSE
	EndGlobalSection
	GlobalSection(ExtensibilityGlobals) = postSolution
		SolutionGuid = {AB3BF584-B92B-44E9-B58D-BFAAC6D1C233}
	EndGlobalSection
EndGlobal
