
Microsoft Visual Studio Solution File, Format Version 12.00
# Visual Studio Version 17
VisualStudioVersion = 17.4.33213.308
MinimumVisualStudioVersion = 10.0.40219.1
Project("{FAE04EC0-301F-11D3-BF4B-00C04F79EFBC}") = "LogicalShift", "LogicalShift\LogicalShift.csproj", "{A8BD7DBA-CC84-42E7-97CE-06D661422274}"
EndProject
Global
	GlobalSection(SolutionConfigurationPlatforms) = preSolution
		Debug|Any CPU = Debug|Any CPU
		Release|Any CPU = Release|Any CPU
	EndGlobalSection
	GlobalSection(ProjectConfigurationPlatforms) = postSolution
		{A8BD7DBA-CC84-42E7-97CE-06D661422274}.Debug|Any CPU.ActiveCfg = Debug|Any CPU
		{A8BD7DBA-CC84-42E7-97CE-06D661422274}.Debug|Any CPU.Build.0 = Debug|Any CPU
		{A8BD7DBA-CC84-42E7-97CE-06D661422274}.Release|Any CPU.ActiveCfg = Release|Any CPU
		{A8BD7DBA-CC84-42E7-97CE-06D661422274}.Release|Any CPU.Build.0 = Release|Any CPU
	EndGlobalSection
	GlobalSection(SolutionProperties) = preSolution
		HideSolutionNode = FALSE
	EndGlobalSection
	GlobalSection(ExtensibilityGlobals) = postSolution
		SolutionGuid = {AD497010-B015-43CB-95BE-F6DCB5053BC3}
	EndGlobalSection
EndGlobal
